
Microsoft Visual Studio Solution File, Format Version 11.00
# Visual Studio 2010
Project("{FAE04EC0-301F-11D3-BF4B-00C04F79EFBC}") = "Amazeing-Nightmares---V1.2-master", "Assembly-CSharp.csproj", "{F70B564D-D63A-03A2-26AA-59A4FDE54BB9}"
EndProject
Project("{FAE04EC0-301F-11D3-BF4B-00C04F79EFBC}") = "Amazeing-Nightmares---V1.2-master", "Assembly-CSharp-firstpass.csproj", "{30538D0F-3229-067B-71D6-20A340D7619E}"
EndProject
Project("{FAE04EC0-301F-11D3-BF4B-00C04F79EFBC}") = "Amazeing-Nightmares---V1.2-master", "Assembly-CSharp-Editor-firstpass.csproj", "{AC798469-7C9D-8A3C-8D1A-542321AE6E0A}"
EndProject
Project("{FAE04EC0-301F-11D3-BF4B-00C04F79EFBC}") = "Amazeing-Nightmares---V1.2-master", "Assembly-CSharp-Editor.csproj", "{6716332D-A810-38B4-3DF3-15E252CBA146}"
EndProject
Global
	GlobalSection(SolutionConfigurationPlatforms) = preSolution
		Debug|Any CPU = Debug|Any CPU
		Release|Any CPU = Release|Any CPU
	EndGlobalSection
	GlobalSection(ProjectConfigurationPlatforms) = postSolution
		{F70B564D-D63A-03A2-26AA-59A4FDE54BB9}.Debug|Any CPU.ActiveCfg = Debug|Any CPU
		{F70B564D-D63A-03A2-26AA-59A4FDE54BB9}.Debug|Any CPU.Build.0 = Debug|Any CPU
		{F70B564D-D63A-03A2-26AA-59A4FDE54BB9}.Release|Any CPU.ActiveCfg = Release|Any CPU
		{F70B564D-D63A-03A2-26AA-59A4FDE54BB9}.Release|Any CPU.Build.0 = Release|Any CPU
		{30538D0F-3229-067B-71D6-20A340D7619E}.Debug|Any CPU.ActiveCfg = Debug|Any CPU
		{30538D0F-3229-067B-71D6-20A340D7619E}.Debug|Any CPU.Build.0 = Debug|Any CPU
		{30538D0F-3229-067B-71D6-20A340D7619E}.Release|Any CPU.ActiveCfg = Release|Any CPU
		{30538D0F-3229-067B-71D6-20A340D7619E}.Release|Any CPU.Build.0 = Release|Any CPU
		{AC798469-7C9D-8A3C-8D1A-542321AE6E0A}.Debug|Any CPU.ActiveCfg = Debug|Any CPU
		{AC798469-7C9D-8A3C-8D1A-542321AE6E0A}.Debug|Any CPU.Build.0 = Debug|Any CPU
		{AC798469-7C9D-8A3C-8D1A-542321AE6E0A}.Release|Any CPU.ActiveCfg = Release|Any CPU
		{AC798469-7C9D-8A3C-8D1A-542321AE6E0A}.Release|Any CPU.Build.0 = Release|Any CPU
		{6716332D-A810-38B4-3DF3-15E252CBA146}.Debug|Any CPU.ActiveCfg = Debug|Any CPU
		{6716332D-A810-38B4-3DF3-15E252CBA146}.Debug|Any CPU.Build.0 = Debug|Any CPU
		{6716332D-A810-38B4-3DF3-15E252CBA146}.Release|Any CPU.ActiveCfg = Release|Any CPU
		{6716332D-A810-38B4-3DF3-15E252CBA146}.Release|Any CPU.Build.0 = Release|Any CPU
	EndGlobalSection
	GlobalSection(SolutionProperties) = preSolution
		HideSolutionNode = FALSE
	EndGlobalSection
	GlobalSection(MonoDevelopProperties) = preSolution
		StartupItem = Assembly-CSharp.csproj
	EndGlobalSection
EndGlobal
