
Microsoft Visual Studio Solution File, Format Version 11.00
# Visual Studio 2010
Project("{FAE04EC0-301F-11D3-BF4B-00C04F79EFBC}") = "Amazeing Nightmares UI2", "Assembly-CSharp.csproj", "{57FACF4D-2CC6-776C-4CFC-A36F4743BD9E}"
EndProject
Project("{FAE04EC0-301F-11D3-BF4B-00C04F79EFBC}") = "Amazeing Nightmares UI2", "Assembly-CSharp-firstpass.csproj", "{8CA6C7E8-510E-F67F-C83C-514CC35631FA}"
EndProject
Project("{FAE04EC0-301F-11D3-BF4B-00C04F79EFBC}") = "Amazeing Nightmares UI2", "Assembly-CSharp-Editor-firstpass.csproj", "{FFA9913C-35D0-F2FE-241C-06BDD24C5BDB}"
EndProject
Project("{FAE04EC0-301F-11D3-BF4B-00C04F79EFBC}") = "Amazeing Nightmares UI2", "Assembly-CSharp-Editor.csproj", "{9594FF5B-FCD5-30DA-1482-BA35B114EEA1}"
EndProject
Global
	GlobalSection(SolutionConfigurationPlatforms) = preSolution
		Debug|Any CPU = Debug|Any CPU
		Release|Any CPU = Release|Any CPU
	EndGlobalSection
	GlobalSection(ProjectConfigurationPlatforms) = postSolution
		{57FACF4D-2CC6-776C-4CFC-A36F4743BD9E}.Debug|Any CPU.ActiveCfg = Debug|Any CPU
		{57FACF4D-2CC6-776C-4CFC-A36F4743BD9E}.Debug|Any CPU.Build.0 = Debug|Any CPU
		{57FACF4D-2CC6-776C-4CFC-A36F4743BD9E}.Release|Any CPU.ActiveCfg = Release|Any CPU
		{57FACF4D-2CC6-776C-4CFC-A36F4743BD9E}.Release|Any CPU.Build.0 = Release|Any CPU
		{8CA6C7E8-510E-F67F-C83C-514CC35631FA}.Debug|Any CPU.ActiveCfg = Debug|Any CPU
		{8CA6C7E8-510E-F67F-C83C-514CC35631FA}.Debug|Any CPU.Build.0 = Debug|Any CPU
		{8CA6C7E8-510E-F67F-C83C-514CC35631FA}.Release|Any CPU.ActiveCfg = Release|Any CPU
		{8CA6C7E8-510E-F67F-C83C-514CC35631FA}.Release|Any CPU.Build.0 = Release|Any CPU
		{FFA9913C-35D0-F2FE-241C-06BDD24C5BDB}.Debug|Any CPU.ActiveCfg = Debug|Any CPU
		{FFA9913C-35D0-F2FE-241C-06BDD24C5BDB}.Debug|Any CPU.Build.0 = Debug|Any CPU
		{FFA9913C-35D0-F2FE-241C-06BDD24C5BDB}.Release|Any CPU.ActiveCfg = Release|Any CPU
		{FFA9913C-35D0-F2FE-241C-06BDD24C5BDB}.Release|Any CPU.Build.0 = Release|Any CPU
		{9594FF5B-FCD5-30DA-1482-BA35B114EEA1}.Debug|Any CPU.ActiveCfg = Debug|Any CPU
		{9594FF5B-FCD5-30DA-1482-BA35B114EEA1}.Debug|Any CPU.Build.0 = Debug|Any CPU
		{9594FF5B-FCD5-30DA-1482-BA35B114EEA1}.Release|Any CPU.ActiveCfg = Release|Any CPU
		{9594FF5B-FCD5-30DA-1482-BA35B114EEA1}.Release|Any CPU.Build.0 = Release|Any CPU
	EndGlobalSection
	GlobalSection(SolutionProperties) = preSolution
		HideSolutionNode = FALSE
	EndGlobalSection
	GlobalSection(MonoDevelopProperties) = preSolution
		StartupItem = Assembly-CSharp.csproj
	EndGlobalSection
EndGlobal
